
Microsoft Visual Studio Solution File, Format Version 12.00
# Visual Studio Version 16
VisualStudioVersion = 25.0.1700.0
MinimumVisualStudioVersion = 10.0.40219.1
Project("{FAE04EC0-301F-11D3-BF4B-00C04F79EFBC}") = "CampusGuidebook", "CampusGuidebook\CampusGuidebook.csproj", "{8B438D7A-4DC2-4561-9EB6-AEFD0E7CF45E}"
EndProject
Global
	GlobalSection(SolutionConfigurationPlatforms) = preSolution
		Debug|Any CPU = Debug|Any CPU
		Release|Any CPU = Release|Any CPU
	EndGlobalSection
	GlobalSection(ProjectConfigurationPlatforms) = postSolution
		{8B438D7A-4DC2-4561-9EB6-AEFD0E7CF45E}.Debug|Any CPU.ActiveCfg = Debug|Any CPU
		{8B438D7A-4DC2-4561-9EB6-AEFD0E7CF45E}.Debug|Any CPU.Build.0 = Debug|Any CPU
		{8B438D7A-4DC2-4561-9EB6-AEFD0E7CF45E}.Release|Any CPU.ActiveCfg = Release|Any CPU
		{8B438D7A-4DC2-4561-9EB6-AEFD0E7CF45E}.Release|Any CPU.Build.0 = Release|Any CPU
	EndGlobalSection
	GlobalSection(SolutionProperties) = preSolution
		HideSolutionNode = FALSE
	EndGlobalSection
	GlobalSection(ExtensibilityGlobals) = postSolution
		SolutionGuid = {42B79EB7-B348-4848-B8CD-D0906B97C7EF}
	EndGlobalSection
EndGlobal
